
Microsoft Visual Studio Solution File, Format Version 12.00
# Visual Studio Version 17
VisualStudioVersion = 17.3.32922.545
MinimumVisualStudioVersion = 10.0.40219.1
Project("{9A19103F-16F7-4668-BE54-9A1E7A4F7556}") = "SimpleBackup", "SimpleBackup.csproj", "{0F43473A-29BE-4E31-84B9-FE42CEBF211E}"
EndProject
Project("{9A19103F-16F7-4668-BE54-9A1E7A4F7556}") = "SimpleBackup.Core", "..\SimpleBackup.Core\SimpleBackup.Core.csproj", "{1DB32A4F-101E-419B-B2AA-621257A90986}"
EndProject
Global
	GlobalSection(SolutionConfigurationPlatforms) = preSolution
		Debug|Any CPU = Debug|Any CPU
		Debug|arm64 = Debug|arm64
		Debug|x64 = Debug|x64
		Debug|x86 = Debug|x86
		Release|Any CPU = Release|Any CPU
		Release|arm64 = Release|arm64
		Release|x64 = Release|x64
		Release|x86 = Release|x86
	EndGlobalSection
	GlobalSection(ProjectConfigurationPlatforms) = postSolution
		{0F43473A-29BE-4E31-84B9-FE42CEBF211E}.Debug|Any CPU.ActiveCfg = Debug|x64
		{0F43473A-29BE-4E31-84B9-FE42CEBF211E}.Debug|Any CPU.Build.0 = Debug|x64
		{0F43473A-29BE-4E31-84B9-FE42CEBF211E}.Debug|Any CPU.Deploy.0 = Debug|x64
		{0F43473A-29BE-4E31-84B9-FE42CEBF211E}.Debug|arm64.ActiveCfg = Debug|arm64
		{0F43473A-29BE-4E31-84B9-FE42CEBF211E}.Debug|arm64.Build.0 = Debug|arm64
		{0F43473A-29BE-4E31-84B9-FE42CEBF211E}.Debug|arm64.Deploy.0 = Debug|arm64
		{0F43473A-29BE-4E31-84B9-FE42CEBF211E}.Debug|x64.ActiveCfg = Debug|x64
		{0F43473A-29BE-4E31-84B9-FE42CEBF211E}.Debug|x64.Build.0 = Debug|x64
		{0F43473A-29BE-4E31-84B9-FE42CEBF211E}.Debug|x86.ActiveCfg = Debug|x86
		{0F43473A-29BE-4E31-84B9-FE42CEBF211E}.Debug|x86.Build.0 = Debug|x86
		{0F43473A-29BE-4E31-84B9-FE42CEBF211E}.Release|Any CPU.ActiveCfg = Release|x64
		{0F43473A-29BE-4E31-84B9-FE42CEBF211E}.Release|Any CPU.Build.0 = Release|x64
		{0F43473A-29BE-4E31-84B9-FE42CEBF211E}.Release|Any CPU.Deploy.0 = Release|x64
		{0F43473A-29BE-4E31-84B9-FE42CEBF211E}.Release|arm64.ActiveCfg = Release|arm64
		{0F43473A-29BE-4E31-84B9-FE42CEBF211E}.Release|arm64.Build.0 = Release|arm64
		{0F43473A-29BE-4E31-84B9-FE42CEBF211E}.Release|arm64.Deploy.0 = Release|arm64
		{0F43473A-29BE-4E31-84B9-FE42CEBF211E}.Release|x64.ActiveCfg = Release|x64
		{0F43473A-29BE-4E31-84B9-FE42CEBF211E}.Release|x64.Build.0 = Release|x64
		{0F43473A-29BE-4E31-84B9-FE42CEBF211E}.Release|x86.ActiveCfg = Release|x86
		{0F43473A-29BE-4E31-84B9-FE42CEBF211E}.Release|x86.Build.0 = Release|x86
		{1DB32A4F-101E-419B-B2AA-621257A90986}.Debug|Any CPU.ActiveCfg = Debug|Any CPU
		{1DB32A4F-101E-419B-B2AA-621257A90986}.Debug|Any CPU.Build.0 = Debug|Any CPU
		{1DB32A4F-101E-419B-B2AA-621257A90986}.Debug|arm64.ActiveCfg = Debug|arm64
		{1DB32A4F-101E-419B-B2AA-621257A90986}.Debug|arm64.Build.0 = Debug|arm64
		{1DB32A4F-101E-419B-B2AA-621257A90986}.Debug|x64.ActiveCfg = Debug|x64
		{1DB32A4F-101E-419B-B2AA-621257A90986}.Debug|x64.Build.0 = Debug|x64
		{1DB32A4F-101E-419B-B2AA-621257A90986}.Debug|x86.ActiveCfg = Debug|x86
		{1DB32A4F-101E-419B-B2AA-621257A90986}.Debug|x86.Build.0 = Debug|x86
		{1DB32A4F-101E-419B-B2AA-621257A90986}.Release|Any CPU.ActiveCfg = Release|Any CPU
		{1DB32A4F-101E-419B-B2AA-621257A90986}.Release|Any CPU.Build.0 = Release|Any CPU
		{1DB32A4F-101E-419B-B2AA-621257A90986}.Release|arm64.ActiveCfg = Release|arm64
		{1DB32A4F-101E-419B-B2AA-621257A90986}.Release|arm64.Build.0 = Release|arm64
		{1DB32A4F-101E-419B-B2AA-621257A90986}.Release|x64.ActiveCfg = Release|x64
		{1DB32A4F-101E-419B-B2AA-621257A90986}.Release|x64.Build.0 = Release|x64
		{1DB32A4F-101E-419B-B2AA-621257A90986}.Release|x86.ActiveCfg = Release|x86
		{1DB32A4F-101E-419B-B2AA-621257A90986}.Release|x86.Build.0 = Release|x86
	EndGlobalSection
	GlobalSection(SolutionProperties) = preSolution
		HideSolutionNode = FALSE
	EndGlobalSection
	GlobalSection(ExtensibilityGlobals) = postSolution
		SolutionGuid = {9F1B00DB-C41C-481D-B576-D256748FE052}
	EndGlobalSection
EndGlobal
